
Microsoft Visual Studio Solution File, Format Version 12.00
# Visual Studio 15
VisualStudioVersion = 15.0.27004.2006
MinimumVisualStudioVersion = 10.0.40219.1
Project("{FAE04EC0-301F-11D3-BF4B-00C04F79EFBC}") = "TNC-Web-dotNet", "TNCInterface\TNC-Web-dotNet.csproj", "{CDEC4799-633F-4BE2-9F22-AE3604857421}"
EndProject
Project("{9092AA53-FB77-4645-B42D-1CCCA6BD08BD}") = "TNC-Web-TypeScript", "TNC-TypeScript\TNC-Web-TypeScript.njsproj", "{AEEA7D57-500C-4FFF-BD7C-D730B6FCAD2F}"
EndProject
Project("{9092AA53-FB77-4645-B42D-1CCCA6BD08BD}") = "TNC-Web-Express", "TNC-JavaScript\TNC-Web-Express.njsproj", "{9C686D29-EF31-44F8-ACC0-B2B71B35DF24}"
EndProject
Global
	GlobalSection(SolutionConfigurationPlatforms) = preSolution
		Debug|Any CPU = Debug|Any CPU
		Release|Any CPU = Release|Any CPU
	EndGlobalSection
	GlobalSection(ProjectConfigurationPlatforms) = postSolution
		{CDEC4799-633F-4BE2-9F22-AE3604857421}.Debug|Any CPU.ActiveCfg = Debug|Any CPU
		{CDEC4799-633F-4BE2-9F22-AE3604857421}.Debug|Any CPU.Build.0 = Debug|Any CPU
		{CDEC4799-633F-4BE2-9F22-AE3604857421}.Release|Any CPU.ActiveCfg = Release|Any CPU
		{CDEC4799-633F-4BE2-9F22-AE3604857421}.Release|Any CPU.Build.0 = Release|Any CPU
		{AEEA7D57-500C-4FFF-BD7C-D730B6FCAD2F}.Debug|Any CPU.ActiveCfg = Debug|Any CPU
		{AEEA7D57-500C-4FFF-BD7C-D730B6FCAD2F}.Debug|Any CPU.Build.0 = Debug|Any CPU
		{AEEA7D57-500C-4FFF-BD7C-D730B6FCAD2F}.Release|Any CPU.ActiveCfg = Release|Any CPU
		{AEEA7D57-500C-4FFF-BD7C-D730B6FCAD2F}.Release|Any CPU.Build.0 = Release|Any CPU
		{9C686D29-EF31-44F8-ACC0-B2B71B35DF24}.Debug|Any CPU.ActiveCfg = Debug|Any CPU
		{9C686D29-EF31-44F8-ACC0-B2B71B35DF24}.Debug|Any CPU.Build.0 = Debug|Any CPU
		{9C686D29-EF31-44F8-ACC0-B2B71B35DF24}.Release|Any CPU.ActiveCfg = Release|Any CPU
		{9C686D29-EF31-44F8-ACC0-B2B71B35DF24}.Release|Any CPU.Build.0 = Release|Any CPU
	EndGlobalSection
	GlobalSection(SolutionProperties) = preSolution
		HideSolutionNode = FALSE
	EndGlobalSection
	GlobalSection(ExtensibilityGlobals) = postSolution
		SolutionGuid = {5D858BEB-4946-442D-AA61-7F07F5C0B0D7}
	EndGlobalSection
EndGlobal
